{
    "_readme": [
        "This file locks the dependencies of your project to a known state",
        "Read more about it at http://getcomposer.org/doc/01-basic-usage.md#composer-lock-the-lock-file",
        "This file is @generated automatically"
    ],
    "hash": "43da54450822aba00e7f91cea4d00cb4",
    "packages": [
        {
            "name": "caedo/framework",
            "version": "1.0.4",
            "source": {
                "type": "git",
                "url": "https://github.com/kananlanginhooper/Caedo.git",
                "reference": "c5727c551e3addcc43d6bf02a54aa89cecd8824a"
            },
            "dist": {
                "type": "zip",
                "url": "https://api.github.com/repos/kananlanginhooper/Caedo/zipball/c5727c551e3addcc43d6bf02a54aa89cecd8824a",
                "reference": "c5727c551e3addcc43d6bf02a54aa89cecd8824a",
                "shasum": ""
            },
            "require": {
                "php": ">=5.5.0"
            },
            "type": "library",
            "license": [
                "GPLv2"
            ],
            "authors": [
                {
                    "name": "Kanan Langin-Hooper",
                    "email": "Kanan.LanginHooper@gmail.com",
                    "homepage": "https://github.com/kananlanginhooper",
                    "role": "Developer"
                }
            ],
            "description": "Caedo Framework Base for PHP",
            "homepage": "https://github.com/kananlanginhooper/Caedo",
            "keywords": [
                "Caedo",
                "DevOps",
                "Developer First",
                "PHP Framework"
            ],
            "support": {
                "source": "https://github.com/kananlanginhooper/Caedo/tree/1.0.4",
                "issues": "https://github.com/kananlanginhooper/Caedo/issues"
            },
            "time": "2016-06-30 14:14:50"
        }
    ],
    "packages-dev": [],
    "aliases": [],
    "minimum-stability": "stable",
    "stability-flags": [],
    "prefer-stable": false,
    "prefer-lowest": false,
    "platform": [],
    "platform-dev": []
}
